
Microsoft Visual Studio Solution File, Format Version 12.00
# Visual Studio 15
VisualStudioVersion = 15.0.28307.1062
MinimumVisualStudioVersion = 10.0.40219.1
Project("{FAE04EC0-301F-11D3-BF4B-00C04F79EFBC}") = "ExpenseIt", "ExpenseIt\ExpenseIt.csproj", "{D20643A0-7DF5-4569-8784-0CEADA5E1F55}"
EndProject
Global
	GlobalSection(SolutionConfigurationPlatforms) = preSolution
		Debug|Any CPU = Debug|Any CPU
		Release|Any CPU = Release|Any CPU
	EndGlobalSection
	GlobalSection(ProjectConfigurationPlatforms) = postSolution
		{D20643A0-7DF5-4569-8784-0CEADA5E1F55}.Debug|Any CPU.ActiveCfg = Debug|Any CPU
		{D20643A0-7DF5-4569-8784-0CEADA5E1F55}.Debug|Any CPU.Build.0 = Debug|Any CPU
		{D20643A0-7DF5-4569-8784-0CEADA5E1F55}.Release|Any CPU.ActiveCfg = Release|Any CPU
		{D20643A0-7DF5-4569-8784-0CEADA5E1F55}.Release|Any CPU.Build.0 = Release|Any CPU
	EndGlobalSection
	GlobalSection(SolutionProperties) = preSolution
		HideSolutionNode = FALSE
	EndGlobalSection
	GlobalSection(ExtensibilityGlobals) = postSolution
		SolutionGuid = {55A13F18-6A8B-433C-8EA1-86ADD909F3FE}
	EndGlobalSection
EndGlobal
